
Microsoft Visual Studio Solution File, Format Version 12.00
# Visual Studio Version 18
VisualStudioVersion = 18.11.12210.170
MinimumVisualStudioVersion = 10.0.40219.1
Project("{2150E333-8FDC-42A3-9474-1A3956D46DE8}") = "Task0", "Task0", "{02EA681E-C7D8-13C7-8484-4AC65E1B71E8}"
EndProject
Project("{FAE04EC0-301F-11D3-BF4B-00C04F79EFBC}") = "Tyuiu.TelminovMS.Sprint1.Task0.V24", "Tyuiu.TelminovMS.Sprint1.Task0.V24\Tyuiu.TelminovMS.Sprint1.Task0.V24.csproj", "{D3651800-946B-42ED-924B-32981905D162}"
EndProject
Project("{FAE04EC0-301F-11D3-BF4B-00C04F79EFBC}") = "Tyuiu.TelminovMS.Sprint1.Task0.V24.Test", "Tyuiu.TelminovMS.Sprint1.Task0.V24.Test\Tyuiu.TelminovMS.Sprint1.Task0.V24.Test.csproj", "{80F0582E-599B-4E9D-9518-E69DF5417503}"
EndProject
Project("{FAE04EC0-301F-11D3-BF4B-00C04F79EFBC}") = "Tyuiu.TelminovMS.Sprint1.Task0.V24.Lib", "Tyuiu.TelminovMS.Sprint1.Task0.V24.Lib\Tyuiu.TelminovMS.Sprint1.Task0.V24.Lib.csproj", "{611F75BF-4474-4A7C-AD8F-6EFDD9A8B104}"
EndProject
Project("{2150E333-8FDC-42A3-9474-1A3956D46DE8}") = "Task1", "Task1", "{319F2D06-FF80-4629-BC4B-60914DC80485}"
EndProject
Project("{FAE04EC0-301F-11D3-BF4B-00C04F79EFBC}") = "Tyuiu.TelminovMS.Sprint1.Task1.V5", "Tyuiu.TelminovMS.Sprint1.Task1.V5\Tyuiu.TelminovMS.Sprint1.Task1.V5.csproj", "{7316392B-1409-461C-8320-A929BB948D38}"
EndProject
Project("{FAE04EC0-301F-11D3-BF4B-00C04F79EFBC}") = "Tyuiu.TelminovMS.Sprint1.Task1.V5.Lib", "Tyuiu.TelminovMS.Sprint1.Task1.V5.Lib\Tyuiu.TelminovMS.Sprint1.Task1.V5.Lib.csproj", "{15CFC366-C645-4CCA-AAEA-F7DE4DFB760C}"
EndProject
Project("{FAE04EC0-301F-11D3-BF4B-00C04F79EFBC}") = "Tyuiu.TelminovMS.Sprint1.Task1.V5.Test", "Tyuiu.TelminovMS.Sprint1.Task1.V5.Test\Tyuiu.TelminovMS.Sprint1.Task1.V5.Test.csproj", "{64AF5181-576A-46F0-AF94-4B8A67E09E6B}"
EndProject
Project("{2150E333-8FDC-42A3-9474-1A3956D46DE8}") = "Task2", "Task2", "{E4B3481A-B39E-413D-B456-8BC719CE3D18}"
EndProject
Project("{FAE04EC0-301F-11D3-BF4B-00C04F79EFBC}") = "Tyuiu.TelminovMS.Sprint1.Task2.V23", "Tyuiu.TelminovMS.Sprint1.Task2.V23\Tyuiu.TelminovMS.Sprint1.Task2.V23.csproj", "{535DFA62-AB67-495D-BD99-ED7074A34CD0}"
EndProject
Project("{FAE04EC0-301F-11D3-BF4B-00C04F79EFBC}") = "Tyuiu.TelminovMS.Sprint1.Task2.V23.Lib", "Tyuiu.TelminovMS.Sprint1.Task2.V23.Lib\Tyuiu.TelminovMS.Sprint1.Task2.V23.Lib.csproj", "{D95C2265-D164-4151-B274-83F20DA12FD6}"
EndProject
Project("{FAE04EC0-301F-11D3-BF4B-00C04F79EFBC}") = "Tyuiu.TelminovMS.Sprint1.Task2.V23.Test", "Tyuiu.TelminovMS.Sprint1.Task2.V23.Test\Tyuiu.TelminovMS.Sprint1.Task2.V23.Test.csproj", "{381ABF54-48E2-4A27-9282-07CB13D02AAE}"
EndProject
Project("{2150E333-8FDC-42A3-9474-1A3956D46DE8}") = "Task3", "Task3", "{66690376-AED6-47F7-AF47-3932788B9D13}"
EndProject
Project("{FAE04EC0-301F-11D3-BF4B-00C04F79EFBC}") = "Tyuiu.TelminovMS.Sprint1.Task3.V12", "Tyuiu.TelminovMS.Sprint1.Task3.V12\Tyuiu.TelminovMS.Sprint1.Task3.V12.csproj", "{2D47C763-D9E5-47BA-944B-322AF8847C4D}"
EndProject
Project("{FAE04EC0-301F-11D3-BF4B-00C04F79EFBC}") = "Tyuiu.TelminovMS.Sprint1.Task3.V12.Lib", "Tyuiu.TelminovMS.Sprint1.Task3.V12.Lib\Tyuiu.TelminovMS.Sprint1.Task3.V12.Lib.csproj", "{9AB2D34A-39CF-460F-B0F6-BB3F825B34BB}"
EndProject
Project("{FAE04EC0-301F-11D3-BF4B-00C04F79EFBC}") = "Tyuiu.TelminovMS.Sprint1.Task3.V12.Test", "Tyuiu.TelminovMS.Sprint1.Task3.V12.Test\Tyuiu.TelminovMS.Sprint1.Task3.V12.Test.csproj", "{4E00E078-41CD-49BB-A574-F221A49CFF4D}"
EndProject
Global
	GlobalSection(SolutionConfigurationPlatforms) = preSolution
		Debug|Any CPU = Debug|Any CPU
		Release|Any CPU = Release|Any CPU
	EndGlobalSection
	GlobalSection(ProjectConfigurationPlatforms) = postSolution
		{D3651800-946B-42ED-924B-32981905D162}.Debug|Any CPU.ActiveCfg = Debug|Any CPU
		{D3651800-946B-42ED-924B-32981905D162}.Debug|Any CPU.Build.0 = Debug|Any CPU
		{D3651800-946B-42ED-924B-32981905D162}.Release|Any CPU.ActiveCfg = Release|Any CPU
		{D3651800-946B-42ED-924B-32981905D162}.Release|Any CPU.Build.0 = Release|Any CPU
		{80F0582E-599B-4E9D-9518-E69DF5417503}.Debug|Any CPU.ActiveCfg = Debug|Any CPU
		{80F0582E-599B-4E9D-9518-E69DF5417503}.Debug|Any CPU.Build.0 = Debug|Any CPU
		{80F0582E-599B-4E9D-9518-E69DF5417503}.Release|Any CPU.ActiveCfg = Release|Any CPU
		{80F0582E-599B-4E9D-9518-E69DF5417503}.Release|Any CPU.Build.0 = Release|Any CPU
		{611F75BF-4474-4A7C-AD8F-6EFDD9A8B104}.Debug|Any CPU.ActiveCfg = Debug|Any CPU
		{611F75BF-4474-4A7C-AD8F-6EFDD9A8B104}.Debug|Any CPU.Build.0 = Debug|Any CPU
		{611F75BF-4474-4A7C-AD8F-6EFDD9A8B104}.Release|Any CPU.ActiveCfg = Release|Any CPU
		{611F75BF-4474-4A7C-AD8F-6EFDD9A8B104}.Release|Any CPU.Build.0 = Release|Any CPU
		{7316392B-1409-461C-8320-A929BB948D38}.Debug|Any CPU.ActiveCfg = Debug|Any CPU
		{7316392B-1409-461C-8320-A929BB948D38}.Debug|Any CPU.Build.0 = Debug|Any CPU
		{7316392B-1409-461C-8320-A929BB948D38}.Release|Any CPU.ActiveCfg = Release|Any CPU
		{7316392B-1409-461C-8320-A929BB948D38}.Release|Any CPU.Build.0 = Release|Any CPU
		{15CFC366-C645-4CCA-AAEA-F7DE4DFB760C}.Debug|Any CPU.ActiveCfg = Debug|Any CPU
		{15CFC366-C645-4CCA-AAEA-F7DE4DFB760C}.Debug|Any CPU.Build.0 = Debug|Any CPU
		{15CFC366-C645-4CCA-AAEA-F7DE4DFB760C}.Release|Any CPU.ActiveCfg = Release|Any CPU
		{15CFC366-C645-4CCA-AAEA-F7DE4DFB760C}.Release|Any CPU.Build.0 = Release|Any CPU
		{64AF5181-576A-46F0-AF94-4B8A67E09E6B}.Debug|Any CPU.ActiveCfg = Debug|Any CPU
		{64AF5181-576A-46F0-AF94-4B8A67E09E6B}.Debug|Any CPU.Build.0 = Debug|Any CPU
		{64AF5181-576A-46F0-AF94-4B8A67E09E6B}.Release|Any CPU.ActiveCfg = Release|Any CPU
		{64AF5181-576A-46F0-AF94-4B8A67E09E6B}.Release|Any CPU.Build.0 = Release|Any CPU
		{535DFA62-AB67-495D-BD99-ED7074A34CD0}.Debug|Any CPU.ActiveCfg = Debug|Any CPU
		{535DFA62-AB67-495D-BD99-ED7074A34CD0}.Debug|Any CPU.Build.0 = Debug|Any CPU
		{535DFA62-AB67-495D-BD99-ED7074A34CD0}.Release|Any CPU.ActiveCfg = Release|Any CPU
		{535DFA62-AB67-495D-BD99-ED7074A34CD0}.Release|Any CPU.Build.0 = Release|Any CPU
		{D95C2265-D164-4151-B274-83F20DA12FD6}.Debug|Any CPU.ActiveCfg = Debug|Any CPU
		{D95C2265-D164-4151-B274-83F20DA12FD6}.Debug|Any CPU.Build.0 = Debug|Any CPU
		{D95C2265-D164-4151-B274-83F20DA12FD6}.Release|Any CPU.ActiveCfg = Release|Any CPU
		{D95C2265-D164-4151-B274-83F20DA12FD6}.Release|Any CPU.Build.0 = Release|Any CPU
		{381ABF54-48E2-4A27-9282-07CB13D02AAE}.Debug|Any CPU.ActiveCfg = Debug|Any CPU
		{381ABF54-48E2-4A27-9282-07CB13D02AAE}.Debug|Any CPU.Build.0 = Debug|Any CPU
		{381ABF54-48E2-4A27-9282-07CB13D02AAE}.Release|Any CPU.ActiveCfg = Release|Any CPU
		{381ABF54-48E2-4A27-9282-07CB13D02AAE}.Release|Any CPU.Build.0 = Release|Any CPU
		{2D47C763-D9E5-47BA-944B-322AF8847C4D}.Debug|Any CPU.ActiveCfg = Debug|Any CPU
		{2D47C763-D9E5-47BA-944B-322AF8847C4D}.Debug|Any CPU.Build.0 = Debug|Any CPU
		{2D47C763-D9E5-47BA-944B-322AF8847C4D}.Release|Any CPU.ActiveCfg = Release|Any CPU
		{2D47C763-D9E5-47BA-944B-322AF8847C4D}.Release|Any CPU.Build.0 = Release|Any CPU
		{9AB2D34A-39CF-460F-B0F6-BB3F825B34BB}.Debug|Any CPU.ActiveCfg = Debug|Any CPU
		{9AB2D34A-39CF-460F-B0F6-BB3F825B34BB}.Debug|Any CPU.Build.0 = Debug|Any CPU
		{9AB2D34A-39CF-460F-B0F6-BB3F825B34BB}.Release|Any CPU.ActiveCfg = Release|Any CPU
		{9AB2D34A-39CF-460F-B0F6-BB3F825B34BB}.Release|Any CPU.Build.0 = Release|Any CPU
		{4E00E078-41CD-49BB-A574-F221A49CFF4D}.Debug|Any CPU.ActiveCfg = Debug|Any CPU
		{4E00E078-41CD-49BB-A574-F221A49CFF4D}.Debug|Any CPU.Build.0 = Debug|Any CPU
		{4E00E078-41CD-49BB-A574-F221A49CFF4D}.Release|Any CPU.ActiveCfg = Release|Any CPU
		{4E00E078-41CD-49BB-A574-F221A49CFF4D}.Release|Any CPU.Build.0 = Release|Any CPU
	EndGlobalSection
	GlobalSection(SolutionProperties) = preSolution
		HideSolutionNode = FALSE
	EndGlobalSection
	GlobalSection(NestedProjects) = preSolution
		{D3651800-946B-42ED-924B-32981905D162} = {02EA681E-C7D8-13C7-8484-4AC65E1B71E8}
		{80F0582E-599B-4E9D-9518-E69DF5417503} = {02EA681E-C7D8-13C7-8484-4AC65E1B71E8}
		{611F75BF-4474-4A7C-AD8F-6EFDD9A8B104} = {02EA681E-C7D8-13C7-8484-4AC65E1B71E8}
		{7316392B-1409-461C-8320-A929BB948D38} = {319F2D06-FF80-4629-BC4B-60914DC80485}
		{15CFC366-C645-4CCA-AAEA-F7DE4DFB760C} = {319F2D06-FF80-4629-BC4B-60914DC80485}
		{64AF5181-576A-46F0-AF94-4B8A67E09E6B} = {319F2D06-FF80-4629-BC4B-60914DC80485}
		{535DFA62-AB67-495D-BD99-ED7074A34CD0} = {E4B3481A-B39E-413D-B456-8BC719CE3D18}
		{D95C2265-D164-4151-B274-83F20DA12FD6} = {E4B3481A-B39E-413D-B456-8BC719CE3D18}
		{381ABF54-48E2-4A27-9282-07CB13D02AAE} = {E4B3481A-B39E-413D-B456-8BC719CE3D18}
		{2D47C763-D9E5-47BA-944B-322AF8847C4D} = {66690376-AED6-47F7-AF47-3932788B9D13}
		{9AB2D34A-39CF-460F-B0F6-BB3F825B34BB} = {66690376-AED6-47F7-AF47-3932788B9D13}
		{4E00E078-41CD-49BB-A574-F221A49CFF4D} = {66690376-AED6-47F7-AF47-3932788B9D13}
	EndGlobalSection
	GlobalSection(ExtensibilityGlobals) = postSolution
		SolutionGuid = {94BA1B9A-1CD4-4E70-AC4D-709DE6B5D439}
	EndGlobalSection
EndGlobal
